{
  "name": "wox-plugin-nocodb",
  "version": "1.1.1",
  "lockfileVersion": 3,
  "requires": true,
  "packages": {
    "": {
      "name": "wox-plugin-nocodb",
      "version": "1.1.1",
      "dependencies": {
        "@wox-launcher/wox-plugin": "file:../wox.plugin.nodejs"
      }
    },
    "../wox.plugin.nodejs": {
      "name": "@wox-launcher/wox-plugin",
      "version": "0.0.133",
      "devDependencies": {
        "@typescript-eslint/eslint-plugin": "^7.13.1",
        "@typescript-eslint/parser": "^7.13.1",
        "eslint": "^9.5.0",
        "eslint-config-prettier": "9.1.0",
        "prettier": "3.3.2",
        "typescript": "^5.4.5"
      }
    },
    "node_modules/@wox-launcher/wox-plugin": {
      "resolved": "../wox.plugin.nodejs",
      "link": true
    }
  }
}
